
Microsoft Visual Studio Solution File, Format Version 12.00
# Visual Studio Version 17
VisualStudioVersion = 17.0.31903.59
MinimumVisualStudioVersion = 10.0.40219.1
Project("{2150E333-8FDC-42A3-9474-1A3956D46DE8}") = "mods", "mods", "{ED7DE66D-1FF1-BCCD-393E-2D4AFCA661A0}"
EndProject
Project("{FAE04EC0-301F-11D3-BF4B-00C04F79EFBC}") = "OniMcp", "mods\OniMcp\OniMcp.csproj", "{F882A43A-8CD0-4C03-8FED-128E02A39CB7}"
EndProject
Project("{FAE04EC0-301F-11D3-BF4B-00C04F79EFBC}") = "CycleTrim", "mods\CycleTrim\CycleTrim.csproj", "{B3EC1EB8-31B9-44DD-AACD-215D070488FB}"
EndProject
Project("{2150E333-8FDC-42A3-9474-1A3956D46DE8}") = "benchmarks", "benchmarks", "{66320409-64EC-F7C5-3DEF-65E7510DAAD1}"
EndProject
Project("{FAE04EC0-301F-11D3-BF4B-00C04F79EFBC}") = "CycleTrim.BrainBenchmarks", "benchmarks\CycleTrim.BrainBenchmarks\CycleTrim.BrainBenchmarks.csproj", "{B69B3FC1-960D-4980-81A3-8B81A0D9274A}"
EndProject
Project("{2150E333-8FDC-42A3-9474-1A3956D46DE8}") = "tools", "tools", "{07C2787E-EAC7-C090-1BA3-A61EC2A24D84}"
EndProject
Project("{FAE04EC0-301F-11D3-BF4B-00C04F79EFBC}") = "OniMods.SteamPublisher", "tools\OniMods.SteamPublisher\OniMods.SteamPublisher.csproj", "{D45EF235-6C8C-49F8-979E-0BB52CB403A5}"
EndProject
Global
	GlobalSection(SolutionConfigurationPlatforms) = preSolution
		Debug|Any CPU = Debug|Any CPU
		Debug|x64 = Debug|x64
		Debug|x86 = Debug|x86
		Release|Any CPU = Release|Any CPU
		Release|x64 = Release|x64
		Release|x86 = Release|x86
	EndGlobalSection
	GlobalSection(ProjectConfigurationPlatforms) = postSolution
		{F882A43A-8CD0-4C03-8FED-128E02A39CB7}.Debug|Any CPU.ActiveCfg = Debug|Any CPU
		{F882A43A-8CD0-4C03-8FED-128E02A39CB7}.Debug|Any CPU.Build.0 = Debug|Any CPU
		{F882A43A-8CD0-4C03-8FED-128E02A39CB7}.Debug|x64.ActiveCfg = Debug|Any CPU
		{F882A43A-8CD0-4C03-8FED-128E02A39CB7}.Debug|x64.Build.0 = Debug|Any CPU
		{F882A43A-8CD0-4C03-8FED-128E02A39CB7}.Debug|x86.ActiveCfg = Debug|Any CPU
		{F882A43A-8CD0-4C03-8FED-128E02A39CB7}.Debug|x86.Build.0 = Debug|Any CPU
		{F882A43A-8CD0-4C03-8FED-128E02A39CB7}.Release|Any CPU.ActiveCfg = Release|Any CPU
		{F882A43A-8CD0-4C03-8FED-128E02A39CB7}.Release|Any CPU.Build.0 = Release|Any CPU
		{F882A43A-8CD0-4C03-8FED-128E02A39CB7}.Release|x64.ActiveCfg = Release|Any CPU
		{F882A43A-8CD0-4C03-8FED-128E02A39CB7}.Release|x64.Build.0 = Release|Any CPU
		{F882A43A-8CD0-4C03-8FED-128E02A39CB7}.Release|x86.ActiveCfg = Release|Any CPU
		{F882A43A-8CD0-4C03-8FED-128E02A39CB7}.Release|x86.Build.0 = Release|Any CPU
		{B3EC1EB8-31B9-44DD-AACD-215D070488FB}.Debug|Any CPU.ActiveCfg = Debug|Any CPU
		{B3EC1EB8-31B9-44DD-AACD-215D070488FB}.Debug|Any CPU.Build.0 = Debug|Any CPU
		{B3EC1EB8-31B9-44DD-AACD-215D070488FB}.Debug|x64.ActiveCfg = Debug|Any CPU
		{B3EC1EB8-31B9-44DD-AACD-215D070488FB}.Debug|x64.Build.0 = Debug|Any CPU
		{B3EC1EB8-31B9-44DD-AACD-215D070488FB}.Debug|x86.ActiveCfg = Debug|Any CPU
		{B3EC1EB8-31B9-44DD-AACD-215D070488FB}.Debug|x86.Build.0 = Debug|Any CPU
		{B3EC1EB8-31B9-44DD-AACD-215D070488FB}.Release|Any CPU.ActiveCfg = Release|Any CPU
		{B3EC1EB8-31B9-44DD-AACD-215D070488FB}.Release|Any CPU.Build.0 = Release|Any CPU
		{B3EC1EB8-31B9-44DD-AACD-215D070488FB}.Release|x64.ActiveCfg = Release|Any CPU
		{B3EC1EB8-31B9-44DD-AACD-215D070488FB}.Release|x64.Build.0 = Release|Any CPU
		{B3EC1EB8-31B9-44DD-AACD-215D070488FB}.Release|x86.ActiveCfg = Release|Any CPU
		{B3EC1EB8-31B9-44DD-AACD-215D070488FB}.Release|x86.Build.0 = Release|Any CPU
		{B69B3FC1-960D-4980-81A3-8B81A0D9274A}.Debug|Any CPU.ActiveCfg = Debug|Any CPU
		{B69B3FC1-960D-4980-81A3-8B81A0D9274A}.Debug|Any CPU.Build.0 = Debug|Any CPU
		{B69B3FC1-960D-4980-81A3-8B81A0D9274A}.Debug|x64.ActiveCfg = Debug|Any CPU
		{B69B3FC1-960D-4980-81A3-8B81A0D9274A}.Debug|x64.Build.0 = Debug|Any CPU
		{B69B3FC1-960D-4980-81A3-8B81A0D9274A}.Debug|x86.ActiveCfg = Debug|Any CPU
		{B69B3FC1-960D-4980-81A3-8B81A0D9274A}.Debug|x86.Build.0 = Debug|Any CPU
		{B69B3FC1-960D-4980-81A3-8B81A0D9274A}.Release|Any CPU.ActiveCfg = Release|Any CPU
		{B69B3FC1-960D-4980-81A3-8B81A0D9274A}.Release|Any CPU.Build.0 = Release|Any CPU
		{B69B3FC1-960D-4980-81A3-8B81A0D9274A}.Release|x64.ActiveCfg = Release|Any CPU
		{B69B3FC1-960D-4980-81A3-8B81A0D9274A}.Release|x64.Build.0 = Release|Any CPU
		{B69B3FC1-960D-4980-81A3-8B81A0D9274A}.Release|x86.ActiveCfg = Release|Any CPU
		{B69B3FC1-960D-4980-81A3-8B81A0D9274A}.Release|x86.Build.0 = Release|Any CPU
		{D45EF235-6C8C-49F8-979E-0BB52CB403A5}.Debug|Any CPU.ActiveCfg = Debug|Any CPU
		{D45EF235-6C8C-49F8-979E-0BB52CB403A5}.Debug|Any CPU.Build.0 = Debug|Any CPU
		{D45EF235-6C8C-49F8-979E-0BB52CB403A5}.Debug|x64.ActiveCfg = Debug|Any CPU
		{D45EF235-6C8C-49F8-979E-0BB52CB403A5}.Debug|x64.Build.0 = Debug|Any CPU
		{D45EF235-6C8C-49F8-979E-0BB52CB403A5}.Debug|x86.ActiveCfg = Debug|Any CPU
		{D45EF235-6C8C-49F8-979E-0BB52CB403A5}.Debug|x86.Build.0 = Debug|Any CPU
		{D45EF235-6C8C-49F8-979E-0BB52CB403A5}.Release|Any CPU.ActiveCfg = Release|Any CPU
		{D45EF235-6C8C-49F8-979E-0BB52CB403A5}.Release|Any CPU.Build.0 = Release|Any CPU
		{D45EF235-6C8C-49F8-979E-0BB52CB403A5}.Release|x64.ActiveCfg = Release|Any CPU
		{D45EF235-6C8C-49F8-979E-0BB52CB403A5}.Release|x64.Build.0 = Release|Any CPU
		{D45EF235-6C8C-49F8-979E-0BB52CB403A5}.Release|x86.ActiveCfg = Release|Any CPU
		{D45EF235-6C8C-49F8-979E-0BB52CB403A5}.Release|x86.Build.0 = Release|Any CPU
	EndGlobalSection
	GlobalSection(SolutionProperties) = preSolution
		HideSolutionNode = FALSE
	EndGlobalSection
	GlobalSection(NestedProjects) = preSolution
		{F882A43A-8CD0-4C03-8FED-128E02A39CB7} = {ED7DE66D-1FF1-BCCD-393E-2D4AFCA661A0}
		{B3EC1EB8-31B9-44DD-AACD-215D070488FB} = {ED7DE66D-1FF1-BCCD-393E-2D4AFCA661A0}
		{B69B3FC1-960D-4980-81A3-8B81A0D9274A} = {66320409-64EC-F7C5-3DEF-65E7510DAAD1}
		{D45EF235-6C8C-49F8-979E-0BB52CB403A5} = {07C2787E-EAC7-C090-1BA3-A61EC2A24D84}
	EndGlobalSection
EndGlobal
